
Microsoft Visual Studio Solution File, Format Version 12.00
# Visual Studio Version 16
VisualStudioVersion = 16.0.31624.102
MinimumVisualStudioVersion = 10.0.40219.1
Project("{FAE04EC0-301F-11D3-BF4B-00C04F79EFBC}") = "20S2_5032_A2_4", "20S2_5032_A2_4.csproj", "{F30479E1-5FBE-4C44-86DE-ABD833FF23B2}"
EndProject
Global
	GlobalSection(SolutionConfigurationPlatforms) = preSolution
		Debug|Any CPU = Debug|Any CPU
		Release|Any CPU = Release|Any CPU
	EndGlobalSection
	GlobalSection(ProjectConfigurationPlatforms) = postSolution
		{F30479E1-5FBE-4C44-86DE-ABD833FF23B2}.Debug|Any CPU.ActiveCfg = Debug|Any CPU
		{F30479E1-5FBE-4C44-86DE-ABD833FF23B2}.Debug|Any CPU.Build.0 = Debug|Any CPU
		{F30479E1-5FBE-4C44-86DE-ABD833FF23B2}.Release|Any CPU.ActiveCfg = Release|Any CPU
		{F30479E1-5FBE-4C44-86DE-ABD833FF23B2}.Release|Any CPU.Build.0 = Release|Any CPU
	EndGlobalSection
	GlobalSection(SolutionProperties) = preSolution
		HideSolutionNode = FALSE
	EndGlobalSection
	GlobalSection(ExtensibilityGlobals) = postSolution
		SolutionGuid = {747308E7-294C-44BE-92B7-97E91278C436}
	EndGlobalSection
EndGlobal
